
Microsoft Visual Studio Solution File, Format Version 12.00
# Visual Studio Version 16
VisualStudioVersion = 16.0.30413.136
MinimumVisualStudioVersion = 10.0.40219.1
Project("{FAE04EC0-301F-11D3-BF4B-00C04F79EFBC}") = "LinqProduct", "LinqProduct\LinqProduct.csproj", "{887570D4-776E-4809-BE69-0D3531BD83F2}"
EndProject
Global
	GlobalSection(SolutionConfigurationPlatforms) = preSolution
		Debug|Any CPU = Debug|Any CPU
		Release|Any CPU = Release|Any CPU
	EndGlobalSection
	GlobalSection(ProjectConfigurationPlatforms) = postSolution
		{887570D4-776E-4809-BE69-0D3531BD83F2}.Debug|Any CPU.ActiveCfg = Debug|Any CPU
		{887570D4-776E-4809-BE69-0D3531BD83F2}.Debug|Any CPU.Build.0 = Debug|Any CPU
		{887570D4-776E-4809-BE69-0D3531BD83F2}.Release|Any CPU.ActiveCfg = Release|Any CPU
		{887570D4-776E-4809-BE69-0D3531BD83F2}.Release|Any CPU.Build.0 = Release|Any CPU
	EndGlobalSection
	GlobalSection(SolutionProperties) = preSolution
		HideSolutionNode = FALSE
	EndGlobalSection
	GlobalSection(ExtensibilityGlobals) = postSolution
		SolutionGuid = {430CDE3F-0651-473C-9463-ED65208F5009}
	EndGlobalSection
EndGlobal
